
Microsoft Visual Studio Solution File, Format Version 12.00
# Visual Studio 15
VisualStudioVersion = 15.0.26124.0
MinimumVisualStudioVersion = 15.0.26124.0
Project("{2150E333-8FDC-42A3-9474-1A3956D46DE8}") = "src", "src", "{98DD53A5-6B5C-4E80-9612-8081AECE2580}"
EndProject
Project("{FAE04EC0-301F-11D3-BF4B-00C04F79EFBC}") = "ANSH.Common", "src\ANSH.Common\ANSH.Common.csproj", "{2D39C4FA-B268-41BD-B350-7FDA1EA051E6}"
EndProject
Project("{FAE04EC0-301F-11D3-BF4B-00C04F79EFBC}") = "ANSH.Json", "src\ANSH.Json\ANSH.Json.csproj", "{06BE3EC9-2555-4402-B491-EA4C57362F32}"
EndProject
Project("{FAE04EC0-301F-11D3-BF4B-00C04F79EFBC}") = "ANSH.OAuth", "src\ANSH.OAuth\ANSH.OAuth.csproj", "{70E153A2-8F1C-4DAF-91FD-431105D85AE7}"
EndProject
Project("{FAE04EC0-301F-11D3-BF4B-00C04F79EFBC}") = "ANSH.AutoMapper", "src\ANSH.AutoMapper\ANSH.AutoMapper.csproj", "{F0A1A080-62C0-4921-A88D-B113A3E324D9}"
EndProject
Project("{FAE04EC0-301F-11D3-BF4B-00C04F79EFBC}") = "ANSH.Caches", "src\ANSH.Caches\ANSH.Caches.csproj", "{C68C4E0B-3620-4546-8401-AE4D6D98A494}"
EndProject
Project("{FAE04EC0-301F-11D3-BF4B-00C04F79EFBC}") = "ANSH.MQ.RabbitMQ", "src\ANSH.MQ.RabbitMQ\ANSH.MQ.RabbitMQ.csproj", "{8ECE928F-23F3-46D7-A667-86A16284B24B}"
EndProject
Project("{FAE04EC0-301F-11D3-BF4B-00C04F79EFBC}") = "ANSH.DataBase.IUnitOfWorks", "src\ANSH.DataBase.IUnitOfWorks\ANSH.DataBase.IUnitOfWorks.csproj", "{F8C3C4ED-ED95-423E-A16F-9A03736BF9DC}"
EndProject
Project("{FAE04EC0-301F-11D3-BF4B-00C04F79EFBC}") = "ANSH.DataBase.Connection", "src\ANSH.DataBase.Connection\ANSH.DataBase.Connection.csproj", "{E7E1D4AD-8873-465E-83AA-D5C41C120E71}"
EndProject
Project("{FAE04EC0-301F-11D3-BF4B-00C04F79EFBC}") = "ANSH.DataBase.EFCore", "src\ANSH.DataBase.EFCore\ANSH.DataBase.EFCore.csproj", "{B253935B-3CEE-4E69-85DE-9B97DF923498}"
EndProject
Project("{FAE04EC0-301F-11D3-BF4B-00C04F79EFBC}") = "ANSH.DataBase.IUnitOfWorks.EFCore", "src\ANSH.DataBase.IUnitOfWorks.EFCore\ANSH.DataBase.IUnitOfWorks.EFCore.csproj", "{2CBDBEA3-5E8B-4A2B-AF48-A2F55D7930C0}"
EndProject
Project("{FAE04EC0-301F-11D3-BF4B-00C04F79EFBC}") = "ANSH.DataBase.IUnitOfWorks.EFCore.SQLServer", "src\ANSH.DataBase.IUnitOfWorks.EFCore.SQLServer\ANSH.DataBase.IUnitOfWorks.EFCore.SQLServer.csproj", "{62D5E754-630F-46D9-AF3B-DDB95088BAE8}"
EndProject
Project("{FAE04EC0-301F-11D3-BF4B-00C04F79EFBC}") = "ANSH.DataBase.EFCore.MySQL", "src\ANSH.DataBase.EFCore.MySQL\ANSH.DataBase.EFCore.MySQL.csproj", "{78905F3A-D1BF-43A7-A2E5-9D0C6493EA46}"
EndProject
Project("{FAE04EC0-301F-11D3-BF4B-00C04F79EFBC}") = "ANSH.DataBase.EFCore.SQLServer", "src\ANSH.DataBase.EFCore.SQLServer\ANSH.DataBase.EFCore.SQLServer.csproj", "{C5BCE01E-A189-41FE-B57C-80B21D2F86C8}"
EndProject
Project("{FAE04EC0-301F-11D3-BF4B-00C04F79EFBC}") = "ANSH.DDD.Domain.Entities.EFCore", "src\ANSH.DDD.Domain.Entities.EFCore\ANSH.DDD.Domain.Entities.EFCore.csproj", "{708D7D24-3D07-4160-8DF3-0C6424580B9C}"
EndProject
Project("{FAE04EC0-301F-11D3-BF4B-00C04F79EFBC}") = "ANSH.DDD.Domain.Interface", "src\ANSH.DDD.Domain.Interface\ANSH.DDD.Domain.Interface.csproj", "{9D50CC98-20D6-4C79-A18C-C5129C15326A}"
EndProject
Project("{FAE04EC0-301F-11D3-BF4B-00C04F79EFBC}") = "ANSH.DDD.Domain.Repository.EFCore", "src\ANSH.DDD.Domain.Repository.EFCore\ANSH.DDD.Domain.Repository.EFCore.csproj", "{D8F4206B-F2A5-49EC-BA4C-609CA7C574E6}"
EndProject
Project("{FAE04EC0-301F-11D3-BF4B-00C04F79EFBC}") = "ANSH.DDD.Domain.Server", "src\ANSH.DDD.Domain.Server\ANSH.DDD.Domain.Server.csproj", "{D21C78A3-9D9F-4B69-A0BD-160A806754D3}"
EndProject
Project("{FAE04EC0-301F-11D3-BF4B-00C04F79EFBC}") = "ANSH.DDD.Domain.Specifications", "src\ANSH.DDD.Domain.Specifications\ANSH.DDD.Domain.Specifications.csproj", "{E7724C0D-126E-4B25-9441-9F1DA575235B}"
EndProject
Project("{FAE04EC0-301F-11D3-BF4B-00C04F79EFBC}") = "ANSH.DDD.Domain.Specifications.EFCore", "src\ANSH.DDD.Domain.Specifications.EFCore\ANSH.DDD.Domain.Specifications.EFCore.csproj", "{718A2AB3-C8CA-4E62-9E73-CB20F1C064D4}"
EndProject
Project("{FAE04EC0-301F-11D3-BF4B-00C04F79EFBC}") = "ANSH.AspNetCore", "src\ANSH.AspNetCore\ANSH.AspNetCore.csproj", "{F7EFF41A-D1D2-40CB-95F4-F0884E9C2987}"
EndProject
Project("{FAE04EC0-301F-11D3-BF4B-00C04F79EFBC}") = "ANSH.AspNetCore.API", "src\ANSH.AspNetCore.API\ANSH.AspNetCore.API.csproj", "{8D222F7F-4364-48A2-9A39-FEAE876525F9}"
EndProject
Project("{FAE04EC0-301F-11D3-BF4B-00C04F79EFBC}") = "ANSH.SDK.API", "src\ANSH.SDK.API\ANSH.SDK.API.csproj", "{009BA73B-030E-4A5E-9552-A9C6C685A591}"
EndProject
Project("{FAE04EC0-301F-11D3-BF4B-00C04F79EFBC}") = "ANSH.SignalR", "src\ANSH.SignalR\ANSH.SignalR.csproj", "{5264FAA7-288C-41F4-A78D-E05F999D5056}"
EndProject
Project("{FAE04EC0-301F-11D3-BF4B-00C04F79EFBC}") = "ANSH.Redis", "src\ANSH.Redis\ANSH.Redis.csproj", "{F9423543-DD03-40D1-AE6E-A891C5B6A372}"
EndProject
Global
	GlobalSection(SolutionConfigurationPlatforms) = preSolution
		Debug|Any CPU = Debug|Any CPU
		Debug|x64 = Debug|x64
		Debug|x86 = Debug|x86
		Release|Any CPU = Release|Any CPU
		Release|x64 = Release|x64
		Release|x86 = Release|x86
	EndGlobalSection
	GlobalSection(SolutionProperties) = preSolution
		HideSolutionNode = FALSE
	EndGlobalSection
	GlobalSection(ProjectConfigurationPlatforms) = postSolution
		{2D39C4FA-B268-41BD-B350-7FDA1EA051E6}.Debug|Any CPU.ActiveCfg = Debug|Any CPU
		{2D39C4FA-B268-41BD-B350-7FDA1EA051E6}.Debug|Any CPU.Build.0 = Debug|Any CPU
		{2D39C4FA-B268-41BD-B350-7FDA1EA051E6}.Debug|x64.ActiveCfg = Debug|Any CPU
		{2D39C4FA-B268-41BD-B350-7FDA1EA051E6}.Debug|x64.Build.0 = Debug|Any CPU
		{2D39C4FA-B268-41BD-B350-7FDA1EA051E6}.Debug|x86.ActiveCfg = Debug|Any CPU
		{2D39C4FA-B268-41BD-B350-7FDA1EA051E6}.Debug|x86.Build.0 = Debug|Any CPU
		{2D39C4FA-B268-41BD-B350-7FDA1EA051E6}.Release|Any CPU.ActiveCfg = Release|Any CPU
		{2D39C4FA-B268-41BD-B350-7FDA1EA051E6}.Release|Any CPU.Build.0 = Release|Any CPU
		{2D39C4FA-B268-41BD-B350-7FDA1EA051E6}.Release|x64.ActiveCfg = Release|Any CPU
		{2D39C4FA-B268-41BD-B350-7FDA1EA051E6}.Release|x64.Build.0 = Release|Any CPU
		{2D39C4FA-B268-41BD-B350-7FDA1EA051E6}.Release|x86.ActiveCfg = Release|Any CPU
		{2D39C4FA-B268-41BD-B350-7FDA1EA051E6}.Release|x86.Build.0 = Release|Any CPU
		{06BE3EC9-2555-4402-B491-EA4C57362F32}.Debug|Any CPU.ActiveCfg = Debug|Any CPU
		{06BE3EC9-2555-4402-B491-EA4C57362F32}.Debug|Any CPU.Build.0 = Debug|Any CPU
		{06BE3EC9-2555-4402-B491-EA4C57362F32}.Debug|x64.ActiveCfg = Debug|Any CPU
		{06BE3EC9-2555-4402-B491-EA4C57362F32}.Debug|x64.Build.0 = Debug|Any CPU
		{06BE3EC9-2555-4402-B491-EA4C57362F32}.Debug|x86.ActiveCfg = Debug|Any CPU
		{06BE3EC9-2555-4402-B491-EA4C57362F32}.Debug|x86.Build.0 = Debug|Any CPU
		{06BE3EC9-2555-4402-B491-EA4C57362F32}.Release|Any CPU.ActiveCfg = Release|Any CPU
		{06BE3EC9-2555-4402-B491-EA4C57362F32}.Release|Any CPU.Build.0 = Release|Any CPU
		{06BE3EC9-2555-4402-B491-EA4C57362F32}.Release|x64.ActiveCfg = Release|Any CPU
		{06BE3EC9-2555-4402-B491-EA4C57362F32}.Release|x64.Build.0 = Release|Any CPU
		{06BE3EC9-2555-4402-B491-EA4C57362F32}.Release|x86.ActiveCfg = Release|Any CPU
		{06BE3EC9-2555-4402-B491-EA4C57362F32}.Release|x86.Build.0 = Release|Any CPU
		{70E153A2-8F1C-4DAF-91FD-431105D85AE7}.Debug|Any CPU.ActiveCfg = Debug|Any CPU
		{70E153A2-8F1C-4DAF-91FD-431105D85AE7}.Debug|Any CPU.Build.0 = Debug|Any CPU
		{70E153A2-8F1C-4DAF-91FD-431105D85AE7}.Debug|x64.ActiveCfg = Debug|Any CPU
		{70E153A2-8F1C-4DAF-91FD-431105D85AE7}.Debug|x64.Build.0 = Debug|Any CPU
		{70E153A2-8F1C-4DAF-91FD-431105D85AE7}.Debug|x86.ActiveCfg = Debug|Any CPU
		{70E153A2-8F1C-4DAF-91FD-431105D85AE7}.Debug|x86.Build.0 = Debug|Any CPU
		{70E153A2-8F1C-4DAF-91FD-431105D85AE7}.Release|Any CPU.ActiveCfg = Release|Any CPU
		{70E153A2-8F1C-4DAF-91FD-431105D85AE7}.Release|Any CPU.Build.0 = Release|Any CPU
		{70E153A2-8F1C-4DAF-91FD-431105D85AE7}.Release|x64.ActiveCfg = Release|Any CPU
		{70E153A2-8F1C-4DAF-91FD-431105D85AE7}.Release|x64.Build.0 = Release|Any CPU
		{70E153A2-8F1C-4DAF-91FD-431105D85AE7}.Release|x86.ActiveCfg = Release|Any CPU
		{70E153A2-8F1C-4DAF-91FD-431105D85AE7}.Release|x86.Build.0 = Release|Any CPU
		{F0A1A080-62C0-4921-A88D-B113A3E324D9}.Debug|Any CPU.ActiveCfg = Debug|Any CPU
		{F0A1A080-62C0-4921-A88D-B113A3E324D9}.Debug|Any CPU.Build.0 = Debug|Any CPU
		{F0A1A080-62C0-4921-A88D-B113A3E324D9}.Debug|x64.ActiveCfg = Debug|Any CPU
		{F0A1A080-62C0-4921-A88D-B113A3E324D9}.Debug|x64.Build.0 = Debug|Any CPU
		{F0A1A080-62C0-4921-A88D-B113A3E324D9}.Debug|x86.ActiveCfg = Debug|Any CPU
		{F0A1A080-62C0-4921-A88D-B113A3E324D9}.Debug|x86.Build.0 = Debug|Any CPU
		{F0A1A080-62C0-4921-A88D-B113A3E324D9}.Release|Any CPU.ActiveCfg = Release|Any CPU
		{F0A1A080-62C0-4921-A88D-B113A3E324D9}.Release|Any CPU.Build.0 = Release|Any CPU
		{F0A1A080-62C0-4921-A88D-B113A3E324D9}.Release|x64.ActiveCfg = Release|Any CPU
		{F0A1A080-62C0-4921-A88D-B113A3E324D9}.Release|x64.Build.0 = Release|Any CPU
		{F0A1A080-62C0-4921-A88D-B113A3E324D9}.Release|x86.ActiveCfg = Release|Any CPU
		{F0A1A080-62C0-4921-A88D-B113A3E324D9}.Release|x86.Build.0 = Release|Any CPU
		{C68C4E0B-3620-4546-8401-AE4D6D98A494}.Debug|Any CPU.ActiveCfg = Debug|Any CPU
		{C68C4E0B-3620-4546-8401-AE4D6D98A494}.Debug|Any CPU.Build.0 = Debug|Any CPU
		{C68C4E0B-3620-4546-8401-AE4D6D98A494}.Debug|x64.ActiveCfg = Debug|Any CPU
		{C68C4E0B-3620-4546-8401-AE4D6D98A494}.Debug|x64.Build.0 = Debug|Any CPU
		{C68C4E0B-3620-4546-8401-AE4D6D98A494}.Debug|x86.ActiveCfg = Debug|Any CPU
		{C68C4E0B-3620-4546-8401-AE4D6D98A494}.Debug|x86.Build.0 = Debug|Any CPU
		{C68C4E0B-3620-4546-8401-AE4D6D98A494}.Release|Any CPU.ActiveCfg = Release|Any CPU
		{C68C4E0B-3620-4546-8401-AE4D6D98A494}.Release|Any CPU.Build.0 = Release|Any CPU
		{C68C4E0B-3620-4546-8401-AE4D6D98A494}.Release|x64.ActiveCfg = Release|Any CPU
		{C68C4E0B-3620-4546-8401-AE4D6D98A494}.Release|x64.Build.0 = Release|Any CPU
		{C68C4E0B-3620-4546-8401-AE4D6D98A494}.Release|x86.ActiveCfg = Release|Any CPU
		{C68C4E0B-3620-4546-8401-AE4D6D98A494}.Release|x86.Build.0 = Release|Any CPU
		{8ECE928F-23F3-46D7-A667-86A16284B24B}.Debug|Any CPU.ActiveCfg = Debug|Any CPU
		{8ECE928F-23F3-46D7-A667-86A16284B24B}.Debug|Any CPU.Build.0 = Debug|Any CPU
		{8ECE928F-23F3-46D7-A667-86A16284B24B}.Debug|x64.ActiveCfg = Debug|Any CPU
		{8ECE928F-23F3-46D7-A667-86A16284B24B}.Debug|x64.Build.0 = Debug|Any CPU
		{8ECE928F-23F3-46D7-A667-86A16284B24B}.Debug|x86.ActiveCfg = Debug|Any CPU
		{8ECE928F-23F3-46D7-A667-86A16284B24B}.Debug|x86.Build.0 = Debug|Any CPU
		{8ECE928F-23F3-46D7-A667-86A16284B24B}.Release|Any CPU.ActiveCfg = Release|Any CPU
		{8ECE928F-23F3-46D7-A667-86A16284B24B}.Release|Any CPU.Build.0 = Release|Any CPU
		{8ECE928F-23F3-46D7-A667-86A16284B24B}.Release|x64.ActiveCfg = Release|Any CPU
		{8ECE928F-23F3-46D7-A667-86A16284B24B}.Release|x64.Build.0 = Release|Any CPU
		{8ECE928F-23F3-46D7-A667-86A16284B24B}.Release|x86.ActiveCfg = Release|Any CPU
		{8ECE928F-23F3-46D7-A667-86A16284B24B}.Release|x86.Build.0 = Release|Any CPU
		{F8C3C4ED-ED95-423E-A16F-9A03736BF9DC}.Debug|Any CPU.ActiveCfg = Debug|Any CPU
		{F8C3C4ED-ED95-423E-A16F-9A03736BF9DC}.Debug|Any CPU.Build.0 = Debug|Any CPU
		{F8C3C4ED-ED95-423E-A16F-9A03736BF9DC}.Debug|x64.ActiveCfg = Debug|Any CPU
		{F8C3C4ED-ED95-423E-A16F-9A03736BF9DC}.Debug|x64.Build.0 = Debug|Any CPU
		{F8C3C4ED-ED95-423E-A16F-9A03736BF9DC}.Debug|x86.ActiveCfg = Debug|Any CPU
		{F8C3C4ED-ED95-423E-A16F-9A03736BF9DC}.Debug|x86.Build.0 = Debug|Any CPU
		{F8C3C4ED-ED95-423E-A16F-9A03736BF9DC}.Release|Any CPU.ActiveCfg = Release|Any CPU
		{F8C3C4ED-ED95-423E-A16F-9A03736BF9DC}.Release|Any CPU.Build.0 = Release|Any CPU
		{F8C3C4ED-ED95-423E-A16F-9A03736BF9DC}.Release|x64.ActiveCfg = Release|Any CPU
		{F8C3C4ED-ED95-423E-A16F-9A03736BF9DC}.Release|x64.Build.0 = Release|Any CPU
		{F8C3C4ED-ED95-423E-A16F-9A03736BF9DC}.Release|x86.ActiveCfg = Release|Any CPU
		{F8C3C4ED-ED95-423E-A16F-9A03736BF9DC}.Release|x86.Build.0 = Release|Any CPU
		{E7E1D4AD-8873-465E-83AA-D5C41C120E71}.Debug|Any CPU.ActiveCfg = Debug|Any CPU
		{E7E1D4AD-8873-465E-83AA-D5C41C120E71}.Debug|Any CPU.Build.0 = Debug|Any CPU
		{E7E1D4AD-8873-465E-83AA-D5C41C120E71}.Debug|x64.ActiveCfg = Debug|Any CPU
		{E7E1D4AD-8873-465E-83AA-D5C41C120E71}.Debug|x64.Build.0 = Debug|Any CPU
		{E7E1D4AD-8873-465E-83AA-D5C41C120E71}.Debug|x86.ActiveCfg = Debug|Any CPU
		{E7E1D4AD-8873-465E-83AA-D5C41C120E71}.Debug|x86.Build.0 = Debug|Any CPU
		{E7E1D4AD-8873-465E-83AA-D5C41C120E71}.Release|Any CPU.ActiveCfg = Release|Any CPU
		{E7E1D4AD-8873-465E-83AA-D5C41C120E71}.Release|Any CPU.Build.0 = Release|Any CPU
		{E7E1D4AD-8873-465E-83AA-D5C41C120E71}.Release|x64.ActiveCfg = Release|Any CPU
		{E7E1D4AD-8873-465E-83AA-D5C41C120E71}.Release|x64.Build.0 = Release|Any CPU
		{E7E1D4AD-8873-465E-83AA-D5C41C120E71}.Release|x86.ActiveCfg = Release|Any CPU
		{E7E1D4AD-8873-465E-83AA-D5C41C120E71}.Release|x86.Build.0 = Release|Any CPU
		{B253935B-3CEE-4E69-85DE-9B97DF923498}.Debug|Any CPU.ActiveCfg = Debug|Any CPU
		{B253935B-3CEE-4E69-85DE-9B97DF923498}.Debug|Any CPU.Build.0 = Debug|Any CPU
		{B253935B-3CEE-4E69-85DE-9B97DF923498}.Debug|x64.ActiveCfg = Debug|Any CPU
		{B253935B-3CEE-4E69-85DE-9B97DF923498}.Debug|x64.Build.0 = Debug|Any CPU
		{B253935B-3CEE-4E69-85DE-9B97DF923498}.Debug|x86.ActiveCfg = Debug|Any CPU
		{B253935B-3CEE-4E69-85DE-9B97DF923498}.Debug|x86.Build.0 = Debug|Any CPU
		{B253935B-3CEE-4E69-85DE-9B97DF923498}.Release|Any CPU.ActiveCfg = Release|Any CPU
		{B253935B-3CEE-4E69-85DE-9B97DF923498}.Release|Any CPU.Build.0 = Release|Any CPU
		{B253935B-3CEE-4E69-85DE-9B97DF923498}.Release|x64.ActiveCfg = Release|Any CPU
		{B253935B-3CEE-4E69-85DE-9B97DF923498}.Release|x64.Build.0 = Release|Any CPU
		{B253935B-3CEE-4E69-85DE-9B97DF923498}.Release|x86.ActiveCfg = Release|Any CPU
		{B253935B-3CEE-4E69-85DE-9B97DF923498}.Release|x86.Build.0 = Release|Any CPU
		{2CBDBEA3-5E8B-4A2B-AF48-A2F55D7930C0}.Debug|Any CPU.ActiveCfg = Debug|Any CPU
		{2CBDBEA3-5E8B-4A2B-AF48-A2F55D7930C0}.Debug|Any CPU.Build.0 = Debug|Any CPU
		{2CBDBEA3-5E8B-4A2B-AF48-A2F55D7930C0}.Debug|x64.ActiveCfg = Debug|Any CPU
		{2CBDBEA3-5E8B-4A2B-AF48-A2F55D7930C0}.Debug|x64.Build.0 = Debug|Any CPU
		{2CBDBEA3-5E8B-4A2B-AF48-A2F55D7930C0}.Debug|x86.ActiveCfg = Debug|Any CPU
		{2CBDBEA3-5E8B-4A2B-AF48-A2F55D7930C0}.Debug|x86.Build.0 = Debug|Any CPU
		{2CBDBEA3-5E8B-4A2B-AF48-A2F55D7930C0}.Release|Any CPU.ActiveCfg = Release|Any CPU
		{2CBDBEA3-5E8B-4A2B-AF48-A2F55D7930C0}.Release|Any CPU.Build.0 = Release|Any CPU
		{2CBDBEA3-5E8B-4A2B-AF48-A2F55D7930C0}.Release|x64.ActiveCfg = Release|Any CPU
		{2CBDBEA3-5E8B-4A2B-AF48-A2F55D7930C0}.Release|x64.Build.0 = Release|Any CPU
		{2CBDBEA3-5E8B-4A2B-AF48-A2F55D7930C0}.Release|x86.ActiveCfg = Release|Any CPU
		{2CBDBEA3-5E8B-4A2B-AF48-A2F55D7930C0}.Release|x86.Build.0 = Release|Any CPU
		{62D5E754-630F-46D9-AF3B-DDB95088BAE8}.Debug|Any CPU.ActiveCfg = Debug|Any CPU
		{62D5E754-630F-46D9-AF3B-DDB95088BAE8}.Debug|Any CPU.Build.0 = Debug|Any CPU
		{62D5E754-630F-46D9-AF3B-DDB95088BAE8}.Debug|x64.ActiveCfg = Debug|Any CPU
		{62D5E754-630F-46D9-AF3B-DDB95088BAE8}.Debug|x64.Build.0 = Debug|Any CPU
		{62D5E754-630F-46D9-AF3B-DDB95088BAE8}.Debug|x86.ActiveCfg = Debug|Any CPU
		{62D5E754-630F-46D9-AF3B-DDB95088BAE8}.Debug|x86.Build.0 = Debug|Any CPU
		{62D5E754-630F-46D9-AF3B-DDB95088BAE8}.Release|Any CPU.ActiveCfg = Release|Any CPU
		{62D5E754-630F-46D9-AF3B-DDB95088BAE8}.Release|Any CPU.Build.0 = Release|Any CPU
		{62D5E754-630F-46D9-AF3B-DDB95088BAE8}.Release|x64.ActiveCfg = Release|Any CPU
		{62D5E754-630F-46D9-AF3B-DDB95088BAE8}.Release|x64.Build.0 = Release|Any CPU
		{62D5E754-630F-46D9-AF3B-DDB95088BAE8}.Release|x86.ActiveCfg = Release|Any CPU
		{62D5E754-630F-46D9-AF3B-DDB95088BAE8}.Release|x86.Build.0 = Release|Any CPU
		{78905F3A-D1BF-43A7-A2E5-9D0C6493EA46}.Debug|Any CPU.ActiveCfg = Debug|Any CPU
		{78905F3A-D1BF-43A7-A2E5-9D0C6493EA46}.Debug|Any CPU.Build.0 = Debug|Any CPU
		{78905F3A-D1BF-43A7-A2E5-9D0C6493EA46}.Debug|x64.ActiveCfg = Debug|Any CPU
		{78905F3A-D1BF-43A7-A2E5-9D0C6493EA46}.Debug|x64.Build.0 = Debug|Any CPU
		{78905F3A-D1BF-43A7-A2E5-9D0C6493EA46}.Debug|x86.ActiveCfg = Debug|Any CPU
		{78905F3A-D1BF-43A7-A2E5-9D0C6493EA46}.Debug|x86.Build.0 = Debug|Any CPU
		{78905F3A-D1BF-43A7-A2E5-9D0C6493EA46}.Release|Any CPU.ActiveCfg = Release|Any CPU
		{78905F3A-D1BF-43A7-A2E5-9D0C6493EA46}.Release|Any CPU.Build.0 = Release|Any CPU
		{78905F3A-D1BF-43A7-A2E5-9D0C6493EA46}.Release|x64.ActiveCfg = Release|Any CPU
		{78905F3A-D1BF-43A7-A2E5-9D0C6493EA46}.Release|x64.Build.0 = Release|Any CPU
		{78905F3A-D1BF-43A7-A2E5-9D0C6493EA46}.Release|x86.ActiveCfg = Release|Any CPU
		{78905F3A-D1BF-43A7-A2E5-9D0C6493EA46}.Release|x86.Build.0 = Release|Any CPU
		{C5BCE01E-A189-41FE-B57C-80B21D2F86C8}.Debug|Any CPU.ActiveCfg = Debug|Any CPU
		{C5BCE01E-A189-41FE-B57C-80B21D2F86C8}.Debug|Any CPU.Build.0 = Debug|Any CPU
		{C5BCE01E-A189-41FE-B57C-80B21D2F86C8}.Debug|x64.ActiveCfg = Debug|Any CPU
		{C5BCE01E-A189-41FE-B57C-80B21D2F86C8}.Debug|x64.Build.0 = Debug|Any CPU
		{C5BCE01E-A189-41FE-B57C-80B21D2F86C8}.Debug|x86.ActiveCfg = Debug|Any CPU
		{C5BCE01E-A189-41FE-B57C-80B21D2F86C8}.Debug|x86.Build.0 = Debug|Any CPU
		{C5BCE01E-A189-41FE-B57C-80B21D2F86C8}.Release|Any CPU.ActiveCfg = Release|Any CPU
		{C5BCE01E-A189-41FE-B57C-80B21D2F86C8}.Release|Any CPU.Build.0 = Release|Any CPU
		{C5BCE01E-A189-41FE-B57C-80B21D2F86C8}.Release|x64.ActiveCfg = Release|Any CPU
		{C5BCE01E-A189-41FE-B57C-80B21D2F86C8}.Release|x64.Build.0 = Release|Any CPU
		{C5BCE01E-A189-41FE-B57C-80B21D2F86C8}.Release|x86.ActiveCfg = Release|Any CPU
		{C5BCE01E-A189-41FE-B57C-80B21D2F86C8}.Release|x86.Build.0 = Release|Any CPU
		{708D7D24-3D07-4160-8DF3-0C6424580B9C}.Debug|Any CPU.ActiveCfg = Debug|Any CPU
		{708D7D24-3D07-4160-8DF3-0C6424580B9C}.Debug|Any CPU.Build.0 = Debug|Any CPU
		{708D7D24-3D07-4160-8DF3-0C6424580B9C}.Debug|x64.ActiveCfg = Debug|Any CPU
		{708D7D24-3D07-4160-8DF3-0C6424580B9C}.Debug|x64.Build.0 = Debug|Any CPU
		{708D7D24-3D07-4160-8DF3-0C6424580B9C}.Debug|x86.ActiveCfg = Debug|Any CPU
		{708D7D24-3D07-4160-8DF3-0C6424580B9C}.Debug|x86.Build.0 = Debug|Any CPU
		{708D7D24-3D07-4160-8DF3-0C6424580B9C}.Release|Any CPU.ActiveCfg = Release|Any CPU
		{708D7D24-3D07-4160-8DF3-0C6424580B9C}.Release|Any CPU.Build.0 = Release|Any CPU
		{708D7D24-3D07-4160-8DF3-0C6424580B9C}.Release|x64.ActiveCfg = Release|Any CPU
		{708D7D24-3D07-4160-8DF3-0C6424580B9C}.Release|x64.Build.0 = Release|Any CPU
		{708D7D24-3D07-4160-8DF3-0C6424580B9C}.Release|x86.ActiveCfg = Release|Any CPU
		{708D7D24-3D07-4160-8DF3-0C6424580B9C}.Release|x86.Build.0 = Release|Any CPU
		{9D50CC98-20D6-4C79-A18C-C5129C15326A}.Debug|Any CPU.ActiveCfg = Debug|Any CPU
		{9D50CC98-20D6-4C79-A18C-C5129C15326A}.Debug|Any CPU.Build.0 = Debug|Any CPU
		{9D50CC98-20D6-4C79-A18C-C5129C15326A}.Debug|x64.ActiveCfg = Debug|Any CPU
		{9D50CC98-20D6-4C79-A18C-C5129C15326A}.Debug|x64.Build.0 = Debug|Any CPU
		{9D50CC98-20D6-4C79-A18C-C5129C15326A}.Debug|x86.ActiveCfg = Debug|Any CPU
		{9D50CC98-20D6-4C79-A18C-C5129C15326A}.Debug|x86.Build.0 = Debug|Any CPU
		{9D50CC98-20D6-4C79-A18C-C5129C15326A}.Release|Any CPU.ActiveCfg = Release|Any CPU
		{9D50CC98-20D6-4C79-A18C-C5129C15326A}.Release|Any CPU.Build.0 = Release|Any CPU
		{9D50CC98-20D6-4C79-A18C-C5129C15326A}.Release|x64.ActiveCfg = Release|Any CPU
		{9D50CC98-20D6-4C79-A18C-C5129C15326A}.Release|x64.Build.0 = Release|Any CPU
		{9D50CC98-20D6-4C79-A18C-C5129C15326A}.Release|x86.ActiveCfg = Release|Any CPU
		{9D50CC98-20D6-4C79-A18C-C5129C15326A}.Release|x86.Build.0 = Release|Any CPU
		{D8F4206B-F2A5-49EC-BA4C-609CA7C574E6}.Debug|Any CPU.ActiveCfg = Debug|Any CPU
		{D8F4206B-F2A5-49EC-BA4C-609CA7C574E6}.Debug|Any CPU.Build.0 = Debug|Any CPU
		{D8F4206B-F2A5-49EC-BA4C-609CA7C574E6}.Debug|x64.ActiveCfg = Debug|Any CPU
		{D8F4206B-F2A5-49EC-BA4C-609CA7C574E6}.Debug|x64.Build.0 = Debug|Any CPU
		{D8F4206B-F2A5-49EC-BA4C-609CA7C574E6}.Debug|x86.ActiveCfg = Debug|Any CPU
		{D8F4206B-F2A5-49EC-BA4C-609CA7C574E6}.Debug|x86.Build.0 = Debug|Any CPU
		{D8F4206B-F2A5-49EC-BA4C-609CA7C574E6}.Release|Any CPU.ActiveCfg = Release|Any CPU
		{D8F4206B-F2A5-49EC-BA4C-609CA7C574E6}.Release|Any CPU.Build.0 = Release|Any CPU
		{D8F4206B-F2A5-49EC-BA4C-609CA7C574E6}.Release|x64.ActiveCfg = Release|Any CPU
		{D8F4206B-F2A5-49EC-BA4C-609CA7C574E6}.Release|x64.Build.0 = Release|Any CPU
		{D8F4206B-F2A5-49EC-BA4C-609CA7C574E6}.Release|x86.ActiveCfg = Release|Any CPU
		{D8F4206B-F2A5-49EC-BA4C-609CA7C574E6}.Release|x86.Build.0 = Release|Any CPU
		{D21C78A3-9D9F-4B69-A0BD-160A806754D3}.Debug|Any CPU.ActiveCfg = Debug|Any CPU
		{D21C78A3-9D9F-4B69-A0BD-160A806754D3}.Debug|Any CPU.Build.0 = Debug|Any CPU
		{D21C78A3-9D9F-4B69-A0BD-160A806754D3}.Debug|x64.ActiveCfg = Debug|Any CPU
		{D21C78A3-9D9F-4B69-A0BD-160A806754D3}.Debug|x64.Build.0 = Debug|Any CPU
		{D21C78A3-9D9F-4B69-A0BD-160A806754D3}.Debug|x86.ActiveCfg = Debug|Any CPU
		{D21C78A3-9D9F-4B69-A0BD-160A806754D3}.Debug|x86.Build.0 = Debug|Any CPU
		{D21C78A3-9D9F-4B69-A0BD-160A806754D3}.Release|Any CPU.ActiveCfg = Release|Any CPU
		{D21C78A3-9D9F-4B69-A0BD-160A806754D3}.Release|Any CPU.Build.0 = Release|Any CPU
		{D21C78A3-9D9F-4B69-A0BD-160A806754D3}.Release|x64.ActiveCfg = Release|Any CPU
		{D21C78A3-9D9F-4B69-A0BD-160A806754D3}.Release|x64.Build.0 = Release|Any CPU
		{D21C78A3-9D9F-4B69-A0BD-160A806754D3}.Release|x86.ActiveCfg = Release|Any CPU
		{D21C78A3-9D9F-4B69-A0BD-160A806754D3}.Release|x86.Build.0 = Release|Any CPU
		{E7724C0D-126E-4B25-9441-9F1DA575235B}.Debug|Any CPU.ActiveCfg = Debug|Any CPU
		{E7724C0D-126E-4B25-9441-9F1DA575235B}.Debug|Any CPU.Build.0 = Debug|Any CPU
		{E7724C0D-126E-4B25-9441-9F1DA575235B}.Debug|x64.ActiveCfg = Debug|Any CPU
		{E7724C0D-126E-4B25-9441-9F1DA575235B}.Debug|x64.Build.0 = Debug|Any CPU
		{E7724C0D-126E-4B25-9441-9F1DA575235B}.Debug|x86.ActiveCfg = Debug|Any CPU
		{E7724C0D-126E-4B25-9441-9F1DA575235B}.Debug|x86.Build.0 = Debug|Any CPU
		{E7724C0D-126E-4B25-9441-9F1DA575235B}.Release|Any CPU.ActiveCfg = Release|Any CPU
		{E7724C0D-126E-4B25-9441-9F1DA575235B}.Release|Any CPU.Build.0 = Release|Any CPU
		{E7724C0D-126E-4B25-9441-9F1DA575235B}.Release|x64.ActiveCfg = Release|Any CPU
		{E7724C0D-126E-4B25-9441-9F1DA575235B}.Release|x64.Build.0 = Release|Any CPU
		{E7724C0D-126E-4B25-9441-9F1DA575235B}.Release|x86.ActiveCfg = Release|Any CPU
		{E7724C0D-126E-4B25-9441-9F1DA575235B}.Release|x86.Build.0 = Release|Any CPU
		{718A2AB3-C8CA-4E62-9E73-CB20F1C064D4}.Debug|Any CPU.ActiveCfg = Debug|Any CPU
		{718A2AB3-C8CA-4E62-9E73-CB20F1C064D4}.Debug|Any CPU.Build.0 = Debug|Any CPU
		{718A2AB3-C8CA-4E62-9E73-CB20F1C064D4}.Debug|x64.ActiveCfg = Debug|Any CPU
		{718A2AB3-C8CA-4E62-9E73-CB20F1C064D4}.Debug|x64.Build.0 = Debug|Any CPU
		{718A2AB3-C8CA-4E62-9E73-CB20F1C064D4}.Debug|x86.ActiveCfg = Debug|Any CPU
		{718A2AB3-C8CA-4E62-9E73-CB20F1C064D4}.Debug|x86.Build.0 = Debug|Any CPU
		{718A2AB3-C8CA-4E62-9E73-CB20F1C064D4}.Release|Any CPU.ActiveCfg = Release|Any CPU
		{718A2AB3-C8CA-4E62-9E73-CB20F1C064D4}.Release|Any CPU.Build.0 = Release|Any CPU
		{718A2AB3-C8CA-4E62-9E73-CB20F1C064D4}.Release|x64.ActiveCfg = Release|Any CPU
		{718A2AB3-C8CA-4E62-9E73-CB20F1C064D4}.Release|x64.Build.0 = Release|Any CPU
		{718A2AB3-C8CA-4E62-9E73-CB20F1C064D4}.Release|x86.ActiveCfg = Release|Any CPU
		{718A2AB3-C8CA-4E62-9E73-CB20F1C064D4}.Release|x86.Build.0 = Release|Any CPU
		{F7EFF41A-D1D2-40CB-95F4-F0884E9C2987}.Debug|Any CPU.ActiveCfg = Debug|Any CPU
		{F7EFF41A-D1D2-40CB-95F4-F0884E9C2987}.Debug|Any CPU.Build.0 = Debug|Any CPU
		{F7EFF41A-D1D2-40CB-95F4-F0884E9C2987}.Debug|x64.ActiveCfg = Debug|Any CPU
		{F7EFF41A-D1D2-40CB-95F4-F0884E9C2987}.Debug|x64.Build.0 = Debug|Any CPU
		{F7EFF41A-D1D2-40CB-95F4-F0884E9C2987}.Debug|x86.ActiveCfg = Debug|Any CPU
		{F7EFF41A-D1D2-40CB-95F4-F0884E9C2987}.Debug|x86.Build.0 = Debug|Any CPU
		{F7EFF41A-D1D2-40CB-95F4-F0884E9C2987}.Release|Any CPU.ActiveCfg = Release|Any CPU
		{F7EFF41A-D1D2-40CB-95F4-F0884E9C2987}.Release|Any CPU.Build.0 = Release|Any CPU
		{F7EFF41A-D1D2-40CB-95F4-F0884E9C2987}.Release|x64.ActiveCfg = Release|Any CPU
		{F7EFF41A-D1D2-40CB-95F4-F0884E9C2987}.Release|x64.Build.0 = Release|Any CPU
		{F7EFF41A-D1D2-40CB-95F4-F0884E9C2987}.Release|x86.ActiveCfg = Release|Any CPU
		{F7EFF41A-D1D2-40CB-95F4-F0884E9C2987}.Release|x86.Build.0 = Release|Any CPU
		{8D222F7F-4364-48A2-9A39-FEAE876525F9}.Debug|Any CPU.ActiveCfg = Debug|Any CPU
		{8D222F7F-4364-48A2-9A39-FEAE876525F9}.Debug|Any CPU.Build.0 = Debug|Any CPU
		{8D222F7F-4364-48A2-9A39-FEAE876525F9}.Debug|x64.ActiveCfg = Debug|Any CPU
		{8D222F7F-4364-48A2-9A39-FEAE876525F9}.Debug|x64.Build.0 = Debug|Any CPU
		{8D222F7F-4364-48A2-9A39-FEAE876525F9}.Debug|x86.ActiveCfg = Debug|Any CPU
		{8D222F7F-4364-48A2-9A39-FEAE876525F9}.Debug|x86.Build.0 = Debug|Any CPU
		{8D222F7F-4364-48A2-9A39-FEAE876525F9}.Release|Any CPU.ActiveCfg = Release|Any CPU
		{8D222F7F-4364-48A2-9A39-FEAE876525F9}.Release|Any CPU.Build.0 = Release|Any CPU
		{8D222F7F-4364-48A2-9A39-FEAE876525F9}.Release|x64.ActiveCfg = Release|Any CPU
		{8D222F7F-4364-48A2-9A39-FEAE876525F9}.Release|x64.Build.0 = Release|Any CPU
		{8D222F7F-4364-48A2-9A39-FEAE876525F9}.Release|x86.ActiveCfg = Release|Any CPU
		{8D222F7F-4364-48A2-9A39-FEAE876525F9}.Release|x86.Build.0 = Release|Any CPU
		{009BA73B-030E-4A5E-9552-A9C6C685A591}.Debug|Any CPU.ActiveCfg = Debug|Any CPU
		{009BA73B-030E-4A5E-9552-A9C6C685A591}.Debug|Any CPU.Build.0 = Debug|Any CPU
		{009BA73B-030E-4A5E-9552-A9C6C685A591}.Debug|x64.ActiveCfg = Debug|Any CPU
		{009BA73B-030E-4A5E-9552-A9C6C685A591}.Debug|x64.Build.0 = Debug|Any CPU
		{009BA73B-030E-4A5E-9552-A9C6C685A591}.Debug|x86.ActiveCfg = Debug|Any CPU
		{009BA73B-030E-4A5E-9552-A9C6C685A591}.Debug|x86.Build.0 = Debug|Any CPU
		{009BA73B-030E-4A5E-9552-A9C6C685A591}.Release|Any CPU.ActiveCfg = Release|Any CPU
		{009BA73B-030E-4A5E-9552-A9C6C685A591}.Release|Any CPU.Build.0 = Release|Any CPU
		{009BA73B-030E-4A5E-9552-A9C6C685A591}.Release|x64.ActiveCfg = Release|Any CPU
		{009BA73B-030E-4A5E-9552-A9C6C685A591}.Release|x64.Build.0 = Release|Any CPU
		{009BA73B-030E-4A5E-9552-A9C6C685A591}.Release|x86.ActiveCfg = Release|Any CPU
		{009BA73B-030E-4A5E-9552-A9C6C685A591}.Release|x86.Build.0 = Release|Any CPU
		{5264FAA7-288C-41F4-A78D-E05F999D5056}.Debug|Any CPU.ActiveCfg = Debug|Any CPU
		{5264FAA7-288C-41F4-A78D-E05F999D5056}.Debug|Any CPU.Build.0 = Debug|Any CPU
		{5264FAA7-288C-41F4-A78D-E05F999D5056}.Debug|x64.ActiveCfg = Debug|Any CPU
		{5264FAA7-288C-41F4-A78D-E05F999D5056}.Debug|x64.Build.0 = Debug|Any CPU
		{5264FAA7-288C-41F4-A78D-E05F999D5056}.Debug|x86.ActiveCfg = Debug|Any CPU
		{5264FAA7-288C-41F4-A78D-E05F999D5056}.Debug|x86.Build.0 = Debug|Any CPU
		{5264FAA7-288C-41F4-A78D-E05F999D5056}.Release|Any CPU.ActiveCfg = Release|Any CPU
		{5264FAA7-288C-41F4-A78D-E05F999D5056}.Release|Any CPU.Build.0 = Release|Any CPU
		{5264FAA7-288C-41F4-A78D-E05F999D5056}.Release|x64.ActiveCfg = Release|Any CPU
		{5264FAA7-288C-41F4-A78D-E05F999D5056}.Release|x64.Build.0 = Release|Any CPU
		{5264FAA7-288C-41F4-A78D-E05F999D5056}.Release|x86.ActiveCfg = Release|Any CPU
		{5264FAA7-288C-41F4-A78D-E05F999D5056}.Release|x86.Build.0 = Release|Any CPU
		{F9423543-DD03-40D1-AE6E-A891C5B6A372}.Debug|Any CPU.ActiveCfg = Debug|Any CPU
		{F9423543-DD03-40D1-AE6E-A891C5B6A372}.Debug|Any CPU.Build.0 = Debug|Any CPU
		{F9423543-DD03-40D1-AE6E-A891C5B6A372}.Debug|x64.ActiveCfg = Debug|Any CPU
		{F9423543-DD03-40D1-AE6E-A891C5B6A372}.Debug|x64.Build.0 = Debug|Any CPU
		{F9423543-DD03-40D1-AE6E-A891C5B6A372}.Debug|x86.ActiveCfg = Debug|Any CPU
		{F9423543-DD03-40D1-AE6E-A891C5B6A372}.Debug|x86.Build.0 = Debug|Any CPU
		{F9423543-DD03-40D1-AE6E-A891C5B6A372}.Release|Any CPU.ActiveCfg = Release|Any CPU
		{F9423543-DD03-40D1-AE6E-A891C5B6A372}.Release|Any CPU.Build.0 = Release|Any CPU
		{F9423543-DD03-40D1-AE6E-A891C5B6A372}.Release|x64.ActiveCfg = Release|Any CPU
		{F9423543-DD03-40D1-AE6E-A891C5B6A372}.Release|x64.Build.0 = Release|Any CPU
		{F9423543-DD03-40D1-AE6E-A891C5B6A372}.Release|x86.ActiveCfg = Release|Any CPU
		{F9423543-DD03-40D1-AE6E-A891C5B6A372}.Release|x86.Build.0 = Release|Any CPU
	EndGlobalSection
	GlobalSection(NestedProjects) = preSolution
		{2D39C4FA-B268-41BD-B350-7FDA1EA051E6} = {98DD53A5-6B5C-4E80-9612-8081AECE2580}
		{06BE3EC9-2555-4402-B491-EA4C57362F32} = {98DD53A5-6B5C-4E80-9612-8081AECE2580}
		{70E153A2-8F1C-4DAF-91FD-431105D85AE7} = {98DD53A5-6B5C-4E80-9612-8081AECE2580}
		{F0A1A080-62C0-4921-A88D-B113A3E324D9} = {98DD53A5-6B5C-4E80-9612-8081AECE2580}
		{C68C4E0B-3620-4546-8401-AE4D6D98A494} = {98DD53A5-6B5C-4E80-9612-8081AECE2580}
		{8ECE928F-23F3-46D7-A667-86A16284B24B} = {98DD53A5-6B5C-4E80-9612-8081AECE2580}
		{F8C3C4ED-ED95-423E-A16F-9A03736BF9DC} = {98DD53A5-6B5C-4E80-9612-8081AECE2580}
		{E7E1D4AD-8873-465E-83AA-D5C41C120E71} = {98DD53A5-6B5C-4E80-9612-8081AECE2580}
		{B253935B-3CEE-4E69-85DE-9B97DF923498} = {98DD53A5-6B5C-4E80-9612-8081AECE2580}
		{2CBDBEA3-5E8B-4A2B-AF48-A2F55D7930C0} = {98DD53A5-6B5C-4E80-9612-8081AECE2580}
		{62D5E754-630F-46D9-AF3B-DDB95088BAE8} = {98DD53A5-6B5C-4E80-9612-8081AECE2580}
		{78905F3A-D1BF-43A7-A2E5-9D0C6493EA46} = {98DD53A5-6B5C-4E80-9612-8081AECE2580}
		{C5BCE01E-A189-41FE-B57C-80B21D2F86C8} = {98DD53A5-6B5C-4E80-9612-8081AECE2580}
		{708D7D24-3D07-4160-8DF3-0C6424580B9C} = {98DD53A5-6B5C-4E80-9612-8081AECE2580}
		{9D50CC98-20D6-4C79-A18C-C5129C15326A} = {98DD53A5-6B5C-4E80-9612-8081AECE2580}
		{D8F4206B-F2A5-49EC-BA4C-609CA7C574E6} = {98DD53A5-6B5C-4E80-9612-8081AECE2580}
		{D21C78A3-9D9F-4B69-A0BD-160A806754D3} = {98DD53A5-6B5C-4E80-9612-8081AECE2580}
		{E7724C0D-126E-4B25-9441-9F1DA575235B} = {98DD53A5-6B5C-4E80-9612-8081AECE2580}
		{718A2AB3-C8CA-4E62-9E73-CB20F1C064D4} = {98DD53A5-6B5C-4E80-9612-8081AECE2580}
		{F7EFF41A-D1D2-40CB-95F4-F0884E9C2987} = {98DD53A5-6B5C-4E80-9612-8081AECE2580}
		{8D222F7F-4364-48A2-9A39-FEAE876525F9} = {98DD53A5-6B5C-4E80-9612-8081AECE2580}
		{009BA73B-030E-4A5E-9552-A9C6C685A591} = {98DD53A5-6B5C-4E80-9612-8081AECE2580}
		{5264FAA7-288C-41F4-A78D-E05F999D5056} = {98DD53A5-6B5C-4E80-9612-8081AECE2580}
		{F9423543-DD03-40D1-AE6E-A891C5B6A372} = {98DD53A5-6B5C-4E80-9612-8081AECE2580}
	EndGlobalSection
EndGlobal
