Microsoft Visual Studio Solution File, Format Version 12.00
# Visual Studio 15
VisualStudioVersion = 15.0.27004.2009
MinimumVisualStudioVersion = 15.0.26124.0
Project("{9A19103F-16F7-4668-BE54-9A1E7A4F7556}") = "ANSH.Common", "src\ANSH.Common\ANSH.Common.csproj", "{43085BD9-C195-4727-A3AB-D34F127DBFBB}"
EndProject
Project("{9A19103F-16F7-4668-BE54-9A1E7A4F7556}") = "ANSH.DataBase.Connection", "src\ANSH.DataBase.Connection\ANSH.DataBase.Connection.csproj", "{2C05932C-24D6-48BA-AF9C-F5C9FA5CD8D0}"
EndProject
Project("{9A19103F-16F7-4668-BE54-9A1E7A4F7556}") = "ANSH.DataBase.EFCore.SQLServer", "src\ANSH.DataBase.EFCore.SQLServer\ANSH.DataBase.EFCore.SQLServer.csproj", "{A7D4E1DB-E7A6-4614-83D3-BEBF942A014A}"
EndProject
Project("{9A19103F-16F7-4668-BE54-9A1E7A4F7556}") = "ANSH.DataBase.EFCore", "src\ANSH.DataBase.EFCore\ANSH.DataBase.EFCore.csproj", "{598E7E32-12AD-47E9-8D38-DD92DAE47FB9}"
EndProject
Project("{9A19103F-16F7-4668-BE54-9A1E7A4F7556}") = "ANSH.DataBase.EFCore.MySQL", "src\ANSH.DataBase.EFCore.MySQL\ANSH.DataBase.EFCore.MySQL.csproj", "{C3164C38-58CD-4E38-AF07-7A9162D2E0EF}"
EndProject
Project("{FAE04EC0-301F-11D3-BF4B-00C04F79EFBC}") = "ANSH.AspNetCore", "src\ANSH.AspNetCore\ANSH.AspNetCore.csproj", "{53FCA4A6-9161-4838-A2E4-8CA849F9AE3E}"
EndProject
Project("{FAE04EC0-301F-11D3-BF4B-00C04F79EFBC}") = "ANSH.Json", "src\ANSH.Json\ANSH.Json.csproj", "{FA9ECC93-CB82-42C8-86EB-956D3F283AFE}"
EndProject
Project("{FAE04EC0-301F-11D3-BF4B-00C04F79EFBC}") = "ANSH.API", "src\ANSH.API\ANSH.API.csproj", "{FD9BF540-C1B7-4DF5-9E13-FAEF0C64764A}"
EndProject
Project("{FAE04EC0-301F-11D3-BF4B-00C04F79EFBC}") = "ANSH.OAuth", "src\ANSH.OAuth\ANSH.OAuth.csproj", "{2371A181-B4BA-4C9C-B451-1960B2DEA453}"
EndProject
Project("{FAE04EC0-301F-11D3-BF4B-00C04F79EFBC}") = "ANSH.ALL", "src\ANSH.ALL\ANSH.ALL.csproj", "{4FCFE8BD-7A87-46B8-8BCC-0E1976C89491}"
EndProject
Project("{FAE04EC0-301F-11D3-BF4B-00C04F79EFBC}") = "Testing.Server", "test\Testing.Server\Testing.Server.csproj", "{C29FCE9A-36FC-4344-9DFC-D7E26F568523}"
EndProject
Project("{FAE04EC0-301F-11D3-BF4B-00C04F79EFBC}") = "Testing.UI", "test\Testing.UI\Testing.UI.csproj", "{EE9D8D56-3AAD-4136-8421-9FB82FD2FD9D}"
EndProject
Project("{2150E333-8FDC-42A3-9474-1A3956D46DE8}") = "examples", "examples", "{108C5768-8EE2-44D1-A58B-40ABB6BA6AF5}"
EndProject
Project("{FAE04EC0-301F-11D3-BF4B-00C04F79EFBC}") = "MVC.ANSH", "examples\MVC.ANSH\MVC.ANSH.csproj", "{37861177-84CC-4805-BA32-D7C85344793B}"
EndProject
Global
	GlobalSection(SolutionConfigurationPlatforms) = preSolution
		Debug|Any CPU = Debug|Any CPU
		Debug|x64 = Debug|x64
		Debug|x86 = Debug|x86
		Release|Any CPU = Release|Any CPU
		Release|x64 = Release|x64
		Release|x86 = Release|x86
	EndGlobalSection
	GlobalSection(ProjectConfigurationPlatforms) = postSolution
		{43085BD9-C195-4727-A3AB-D34F127DBFBB}.Debug|Any CPU.ActiveCfg = Debug|Any CPU
		{43085BD9-C195-4727-A3AB-D34F127DBFBB}.Debug|Any CPU.Build.0 = Debug|Any CPU
		{43085BD9-C195-4727-A3AB-D34F127DBFBB}.Debug|x64.ActiveCfg = Debug|Any CPU
		{43085BD9-C195-4727-A3AB-D34F127DBFBB}.Debug|x64.Build.0 = Debug|Any CPU
		{43085BD9-C195-4727-A3AB-D34F127DBFBB}.Debug|x86.ActiveCfg = Debug|Any CPU
		{43085BD9-C195-4727-A3AB-D34F127DBFBB}.Debug|x86.Build.0 = Debug|Any CPU
		{43085BD9-C195-4727-A3AB-D34F127DBFBB}.Release|Any CPU.ActiveCfg = Release|Any CPU
		{43085BD9-C195-4727-A3AB-D34F127DBFBB}.Release|Any CPU.Build.0 = Release|Any CPU
		{43085BD9-C195-4727-A3AB-D34F127DBFBB}.Release|x64.ActiveCfg = Release|Any CPU
		{43085BD9-C195-4727-A3AB-D34F127DBFBB}.Release|x64.Build.0 = Release|Any CPU
		{43085BD9-C195-4727-A3AB-D34F127DBFBB}.Release|x86.ActiveCfg = Release|Any CPU
		{43085BD9-C195-4727-A3AB-D34F127DBFBB}.Release|x86.Build.0 = Release|Any CPU
		{2C05932C-24D6-48BA-AF9C-F5C9FA5CD8D0}.Debug|Any CPU.ActiveCfg = Debug|Any CPU
		{2C05932C-24D6-48BA-AF9C-F5C9FA5CD8D0}.Debug|Any CPU.Build.0 = Debug|Any CPU
		{2C05932C-24D6-48BA-AF9C-F5C9FA5CD8D0}.Debug|x64.ActiveCfg = Debug|Any CPU
		{2C05932C-24D6-48BA-AF9C-F5C9FA5CD8D0}.Debug|x64.Build.0 = Debug|Any CPU
		{2C05932C-24D6-48BA-AF9C-F5C9FA5CD8D0}.Debug|x86.ActiveCfg = Debug|Any CPU
		{2C05932C-24D6-48BA-AF9C-F5C9FA5CD8D0}.Debug|x86.Build.0 = Debug|Any CPU
		{2C05932C-24D6-48BA-AF9C-F5C9FA5CD8D0}.Release|Any CPU.ActiveCfg = Release|Any CPU
		{2C05932C-24D6-48BA-AF9C-F5C9FA5CD8D0}.Release|Any CPU.Build.0 = Release|Any CPU
		{2C05932C-24D6-48BA-AF9C-F5C9FA5CD8D0}.Release|x64.ActiveCfg = Release|Any CPU
		{2C05932C-24D6-48BA-AF9C-F5C9FA5CD8D0}.Release|x64.Build.0 = Release|Any CPU
		{2C05932C-24D6-48BA-AF9C-F5C9FA5CD8D0}.Release|x86.ActiveCfg = Release|Any CPU
		{2C05932C-24D6-48BA-AF9C-F5C9FA5CD8D0}.Release|x86.Build.0 = Release|Any CPU
		{A7D4E1DB-E7A6-4614-83D3-BEBF942A014A}.Debug|Any CPU.ActiveCfg = Debug|Any CPU
		{A7D4E1DB-E7A6-4614-83D3-BEBF942A014A}.Debug|Any CPU.Build.0 = Debug|Any CPU
		{A7D4E1DB-E7A6-4614-83D3-BEBF942A014A}.Debug|x64.ActiveCfg = Debug|Any CPU
		{A7D4E1DB-E7A6-4614-83D3-BEBF942A014A}.Debug|x64.Build.0 = Debug|Any CPU
		{A7D4E1DB-E7A6-4614-83D3-BEBF942A014A}.Debug|x86.ActiveCfg = Debug|Any CPU
		{A7D4E1DB-E7A6-4614-83D3-BEBF942A014A}.Debug|x86.Build.0 = Debug|Any CPU
		{A7D4E1DB-E7A6-4614-83D3-BEBF942A014A}.Release|Any CPU.ActiveCfg = Release|Any CPU
		{A7D4E1DB-E7A6-4614-83D3-BEBF942A014A}.Release|Any CPU.Build.0 = Release|Any CPU
		{A7D4E1DB-E7A6-4614-83D3-BEBF942A014A}.Release|x64.ActiveCfg = Release|Any CPU
		{A7D4E1DB-E7A6-4614-83D3-BEBF942A014A}.Release|x64.Build.0 = Release|Any CPU
		{A7D4E1DB-E7A6-4614-83D3-BEBF942A014A}.Release|x86.ActiveCfg = Release|Any CPU
		{A7D4E1DB-E7A6-4614-83D3-BEBF942A014A}.Release|x86.Build.0 = Release|Any CPU
		{598E7E32-12AD-47E9-8D38-DD92DAE47FB9}.Debug|Any CPU.ActiveCfg = Debug|Any CPU
		{598E7E32-12AD-47E9-8D38-DD92DAE47FB9}.Debug|Any CPU.Build.0 = Debug|Any CPU
		{598E7E32-12AD-47E9-8D38-DD92DAE47FB9}.Debug|x64.ActiveCfg = Debug|Any CPU
		{598E7E32-12AD-47E9-8D38-DD92DAE47FB9}.Debug|x64.Build.0 = Debug|Any CPU
		{598E7E32-12AD-47E9-8D38-DD92DAE47FB9}.Debug|x86.ActiveCfg = Debug|Any CPU
		{598E7E32-12AD-47E9-8D38-DD92DAE47FB9}.Debug|x86.Build.0 = Debug|Any CPU
		{598E7E32-12AD-47E9-8D38-DD92DAE47FB9}.Release|Any CPU.ActiveCfg = Release|Any CPU
		{598E7E32-12AD-47E9-8D38-DD92DAE47FB9}.Release|Any CPU.Build.0 = Release|Any CPU
		{598E7E32-12AD-47E9-8D38-DD92DAE47FB9}.Release|x64.ActiveCfg = Release|Any CPU
		{598E7E32-12AD-47E9-8D38-DD92DAE47FB9}.Release|x64.Build.0 = Release|Any CPU
		{598E7E32-12AD-47E9-8D38-DD92DAE47FB9}.Release|x86.ActiveCfg = Release|Any CPU
		{598E7E32-12AD-47E9-8D38-DD92DAE47FB9}.Release|x86.Build.0 = Release|Any CPU
		{C3164C38-58CD-4E38-AF07-7A9162D2E0EF}.Debug|Any CPU.ActiveCfg = Debug|Any CPU
		{C3164C38-58CD-4E38-AF07-7A9162D2E0EF}.Debug|Any CPU.Build.0 = Debug|Any CPU
		{C3164C38-58CD-4E38-AF07-7A9162D2E0EF}.Debug|x64.ActiveCfg = Debug|Any CPU
		{C3164C38-58CD-4E38-AF07-7A9162D2E0EF}.Debug|x64.Build.0 = Debug|Any CPU
		{C3164C38-58CD-4E38-AF07-7A9162D2E0EF}.Debug|x86.ActiveCfg = Debug|Any CPU
		{C3164C38-58CD-4E38-AF07-7A9162D2E0EF}.Debug|x86.Build.0 = Debug|Any CPU
		{C3164C38-58CD-4E38-AF07-7A9162D2E0EF}.Release|Any CPU.ActiveCfg = Release|Any CPU
		{C3164C38-58CD-4E38-AF07-7A9162D2E0EF}.Release|Any CPU.Build.0 = Release|Any CPU
		{C3164C38-58CD-4E38-AF07-7A9162D2E0EF}.Release|x64.ActiveCfg = Release|Any CPU
		{C3164C38-58CD-4E38-AF07-7A9162D2E0EF}.Release|x64.Build.0 = Release|Any CPU
		{C3164C38-58CD-4E38-AF07-7A9162D2E0EF}.Release|x86.ActiveCfg = Release|Any CPU
		{C3164C38-58CD-4E38-AF07-7A9162D2E0EF}.Release|x86.Build.0 = Release|Any CPU
		{53FCA4A6-9161-4838-A2E4-8CA849F9AE3E}.Debug|Any CPU.ActiveCfg = Debug|Any CPU
		{53FCA4A6-9161-4838-A2E4-8CA849F9AE3E}.Debug|Any CPU.Build.0 = Debug|Any CPU
		{53FCA4A6-9161-4838-A2E4-8CA849F9AE3E}.Debug|x64.ActiveCfg = Debug|x64
		{53FCA4A6-9161-4838-A2E4-8CA849F9AE3E}.Debug|x64.Build.0 = Debug|x64
		{53FCA4A6-9161-4838-A2E4-8CA849F9AE3E}.Debug|x86.ActiveCfg = Debug|x86
		{53FCA4A6-9161-4838-A2E4-8CA849F9AE3E}.Debug|x86.Build.0 = Debug|x86
		{53FCA4A6-9161-4838-A2E4-8CA849F9AE3E}.Release|Any CPU.ActiveCfg = Release|Any CPU
		{53FCA4A6-9161-4838-A2E4-8CA849F9AE3E}.Release|Any CPU.Build.0 = Release|Any CPU
		{53FCA4A6-9161-4838-A2E4-8CA849F9AE3E}.Release|x64.ActiveCfg = Release|x64
		{53FCA4A6-9161-4838-A2E4-8CA849F9AE3E}.Release|x64.Build.0 = Release|x64
		{53FCA4A6-9161-4838-A2E4-8CA849F9AE3E}.Release|x86.ActiveCfg = Release|x86
		{53FCA4A6-9161-4838-A2E4-8CA849F9AE3E}.Release|x86.Build.0 = Release|x86
		{FA9ECC93-CB82-42C8-86EB-956D3F283AFE}.Debug|Any CPU.ActiveCfg = Debug|Any CPU
		{FA9ECC93-CB82-42C8-86EB-956D3F283AFE}.Debug|Any CPU.Build.0 = Debug|Any CPU
		{FA9ECC93-CB82-42C8-86EB-956D3F283AFE}.Debug|x64.ActiveCfg = Debug|x64
		{FA9ECC93-CB82-42C8-86EB-956D3F283AFE}.Debug|x64.Build.0 = Debug|x64
		{FA9ECC93-CB82-42C8-86EB-956D3F283AFE}.Debug|x86.ActiveCfg = Debug|x86
		{FA9ECC93-CB82-42C8-86EB-956D3F283AFE}.Debug|x86.Build.0 = Debug|x86
		{FA9ECC93-CB82-42C8-86EB-956D3F283AFE}.Release|Any CPU.ActiveCfg = Release|Any CPU
		{FA9ECC93-CB82-42C8-86EB-956D3F283AFE}.Release|Any CPU.Build.0 = Release|Any CPU
		{FA9ECC93-CB82-42C8-86EB-956D3F283AFE}.Release|x64.ActiveCfg = Release|x64
		{FA9ECC93-CB82-42C8-86EB-956D3F283AFE}.Release|x64.Build.0 = Release|x64
		{FA9ECC93-CB82-42C8-86EB-956D3F283AFE}.Release|x86.ActiveCfg = Release|x86
		{FA9ECC93-CB82-42C8-86EB-956D3F283AFE}.Release|x86.Build.0 = Release|x86
		{FD9BF540-C1B7-4DF5-9E13-FAEF0C64764A}.Debug|Any CPU.ActiveCfg = Debug|Any CPU
		{FD9BF540-C1B7-4DF5-9E13-FAEF0C64764A}.Debug|Any CPU.Build.0 = Debug|Any CPU
		{FD9BF540-C1B7-4DF5-9E13-FAEF0C64764A}.Debug|x64.ActiveCfg = Debug|x64
		{FD9BF540-C1B7-4DF5-9E13-FAEF0C64764A}.Debug|x64.Build.0 = Debug|x64
		{FD9BF540-C1B7-4DF5-9E13-FAEF0C64764A}.Debug|x86.ActiveCfg = Debug|x86
		{FD9BF540-C1B7-4DF5-9E13-FAEF0C64764A}.Debug|x86.Build.0 = Debug|x86
		{FD9BF540-C1B7-4DF5-9E13-FAEF0C64764A}.Release|Any CPU.ActiveCfg = Release|Any CPU
		{FD9BF540-C1B7-4DF5-9E13-FAEF0C64764A}.Release|Any CPU.Build.0 = Release|Any CPU
		{FD9BF540-C1B7-4DF5-9E13-FAEF0C64764A}.Release|x64.ActiveCfg = Release|x64
		{FD9BF540-C1B7-4DF5-9E13-FAEF0C64764A}.Release|x64.Build.0 = Release|x64
		{FD9BF540-C1B7-4DF5-9E13-FAEF0C64764A}.Release|x86.ActiveCfg = Release|x86
		{FD9BF540-C1B7-4DF5-9E13-FAEF0C64764A}.Release|x86.Build.0 = Release|x86
		{2371A181-B4BA-4C9C-B451-1960B2DEA453}.Debug|Any CPU.ActiveCfg = Debug|Any CPU
		{2371A181-B4BA-4C9C-B451-1960B2DEA453}.Debug|Any CPU.Build.0 = Debug|Any CPU
		{2371A181-B4BA-4C9C-B451-1960B2DEA453}.Debug|x64.ActiveCfg = Debug|x64
		{2371A181-B4BA-4C9C-B451-1960B2DEA453}.Debug|x64.Build.0 = Debug|x64
		{2371A181-B4BA-4C9C-B451-1960B2DEA453}.Debug|x86.ActiveCfg = Debug|x86
		{2371A181-B4BA-4C9C-B451-1960B2DEA453}.Debug|x86.Build.0 = Debug|x86
		{2371A181-B4BA-4C9C-B451-1960B2DEA453}.Release|Any CPU.ActiveCfg = Release|Any CPU
		{2371A181-B4BA-4C9C-B451-1960B2DEA453}.Release|Any CPU.Build.0 = Release|Any CPU
		{2371A181-B4BA-4C9C-B451-1960B2DEA453}.Release|x64.ActiveCfg = Release|x64
		{2371A181-B4BA-4C9C-B451-1960B2DEA453}.Release|x64.Build.0 = Release|x64
		{2371A181-B4BA-4C9C-B451-1960B2DEA453}.Release|x86.ActiveCfg = Release|x86
		{2371A181-B4BA-4C9C-B451-1960B2DEA453}.Release|x86.Build.0 = Release|x86
		{4FCFE8BD-7A87-46B8-8BCC-0E1976C89491}.Debug|Any CPU.ActiveCfg = Debug|Any CPU
		{4FCFE8BD-7A87-46B8-8BCC-0E1976C89491}.Debug|Any CPU.Build.0 = Debug|Any CPU
		{4FCFE8BD-7A87-46B8-8BCC-0E1976C89491}.Debug|x64.ActiveCfg = Debug|x64
		{4FCFE8BD-7A87-46B8-8BCC-0E1976C89491}.Debug|x64.Build.0 = Debug|x64
		{4FCFE8BD-7A87-46B8-8BCC-0E1976C89491}.Debug|x86.ActiveCfg = Debug|x86
		{4FCFE8BD-7A87-46B8-8BCC-0E1976C89491}.Debug|x86.Build.0 = Debug|x86
		{4FCFE8BD-7A87-46B8-8BCC-0E1976C89491}.Release|Any CPU.ActiveCfg = Release|Any CPU
		{4FCFE8BD-7A87-46B8-8BCC-0E1976C89491}.Release|Any CPU.Build.0 = Release|Any CPU
		{4FCFE8BD-7A87-46B8-8BCC-0E1976C89491}.Release|x64.ActiveCfg = Release|x64
		{4FCFE8BD-7A87-46B8-8BCC-0E1976C89491}.Release|x64.Build.0 = Release|x64
		{4FCFE8BD-7A87-46B8-8BCC-0E1976C89491}.Release|x86.ActiveCfg = Release|x86
		{4FCFE8BD-7A87-46B8-8BCC-0E1976C89491}.Release|x86.Build.0 = Release|x86
		{C29FCE9A-36FC-4344-9DFC-D7E26F568523}.Debug|Any CPU.ActiveCfg = Debug|Any CPU
		{C29FCE9A-36FC-4344-9DFC-D7E26F568523}.Debug|Any CPU.Build.0 = Debug|Any CPU
		{C29FCE9A-36FC-4344-9DFC-D7E26F568523}.Debug|x64.ActiveCfg = Debug|x64
		{C29FCE9A-36FC-4344-9DFC-D7E26F568523}.Debug|x64.Build.0 = Debug|x64
		{C29FCE9A-36FC-4344-9DFC-D7E26F568523}.Debug|x86.ActiveCfg = Debug|x86
		{C29FCE9A-36FC-4344-9DFC-D7E26F568523}.Debug|x86.Build.0 = Debug|x86
		{C29FCE9A-36FC-4344-9DFC-D7E26F568523}.Release|Any CPU.ActiveCfg = Release|Any CPU
		{C29FCE9A-36FC-4344-9DFC-D7E26F568523}.Release|Any CPU.Build.0 = Release|Any CPU
		{C29FCE9A-36FC-4344-9DFC-D7E26F568523}.Release|x64.ActiveCfg = Release|x64
		{C29FCE9A-36FC-4344-9DFC-D7E26F568523}.Release|x64.Build.0 = Release|x64
		{C29FCE9A-36FC-4344-9DFC-D7E26F568523}.Release|x86.ActiveCfg = Release|x86
		{C29FCE9A-36FC-4344-9DFC-D7E26F568523}.Release|x86.Build.0 = Release|x86
		{EE9D8D56-3AAD-4136-8421-9FB82FD2FD9D}.Debug|Any CPU.ActiveCfg = Debug|Any CPU
		{EE9D8D56-3AAD-4136-8421-9FB82FD2FD9D}.Debug|Any CPU.Build.0 = Debug|Any CPU
		{EE9D8D56-3AAD-4136-8421-9FB82FD2FD9D}.Debug|x64.ActiveCfg = Debug|x64
		{EE9D8D56-3AAD-4136-8421-9FB82FD2FD9D}.Debug|x64.Build.0 = Debug|x64
		{EE9D8D56-3AAD-4136-8421-9FB82FD2FD9D}.Debug|x86.ActiveCfg = Debug|x86
		{EE9D8D56-3AAD-4136-8421-9FB82FD2FD9D}.Debug|x86.Build.0 = Debug|x86
		{EE9D8D56-3AAD-4136-8421-9FB82FD2FD9D}.Release|Any CPU.ActiveCfg = Release|Any CPU
		{EE9D8D56-3AAD-4136-8421-9FB82FD2FD9D}.Release|Any CPU.Build.0 = Release|Any CPU
		{EE9D8D56-3AAD-4136-8421-9FB82FD2FD9D}.Release|x64.ActiveCfg = Release|x64
		{EE9D8D56-3AAD-4136-8421-9FB82FD2FD9D}.Release|x64.Build.0 = Release|x64
		{EE9D8D56-3AAD-4136-8421-9FB82FD2FD9D}.Release|x86.ActiveCfg = Release|x86
		{EE9D8D56-3AAD-4136-8421-9FB82FD2FD9D}.Release|x86.Build.0 = Release|x86
		{37861177-84CC-4805-BA32-D7C85344793B}.Debug|Any CPU.ActiveCfg = Debug|Any CPU
		{37861177-84CC-4805-BA32-D7C85344793B}.Debug|Any CPU.Build.0 = Debug|Any CPU
		{37861177-84CC-4805-BA32-D7C85344793B}.Debug|x64.ActiveCfg = Debug|x64
		{37861177-84CC-4805-BA32-D7C85344793B}.Debug|x64.Build.0 = Debug|x64
		{37861177-84CC-4805-BA32-D7C85344793B}.Debug|x86.ActiveCfg = Debug|x86
		{37861177-84CC-4805-BA32-D7C85344793B}.Debug|x86.Build.0 = Debug|x86
		{37861177-84CC-4805-BA32-D7C85344793B}.Release|Any CPU.ActiveCfg = Release|Any CPU
		{37861177-84CC-4805-BA32-D7C85344793B}.Release|Any CPU.Build.0 = Release|Any CPU
		{37861177-84CC-4805-BA32-D7C85344793B}.Release|x64.ActiveCfg = Release|x64
		{37861177-84CC-4805-BA32-D7C85344793B}.Release|x64.Build.0 = Release|x64
		{37861177-84CC-4805-BA32-D7C85344793B}.Release|x86.ActiveCfg = Release|x86
		{37861177-84CC-4805-BA32-D7C85344793B}.Release|x86.Build.0 = Release|x86
	EndGlobalSection
	GlobalSection(SolutionProperties) = preSolution
		HideSolutionNode = FALSE
	EndGlobalSection
	GlobalSection(ExtensibilityGlobals) = postSolution
		SolutionGuid = {6AA7BDF1-CB4F-4A45-956D-C7E8B230FD70}
	EndGlobalSection
	GlobalSection(NestedProjects) = preSolution
		{37861177-84CC-4805-BA32-D7C85344793B} = {108C5768-8EE2-44D1-A58B-40ABB6BA6AF5}
	EndGlobalSection
EndGlobal
