Microsoft Visual Studio Solution File, Format Version 12.00
# Visual Studio 15
VisualStudioVersion = 15.0.27004.2009
MinimumVisualStudioVersion = 15.0.26124.0
Project("{9A19103F-16F7-4668-BE54-9A1E7A4F7556}") = "ANSH.Common", "ANSH.Common\ANSH.Common.csproj", "{43085BD9-C195-4727-A3AB-D34F127DBFBB}"
EndProject
Project("{9A19103F-16F7-4668-BE54-9A1E7A4F7556}") = "ANSH.DataBase.Connection", "ANSH.DataBase.Connection\ANSH.DataBase.Connection.csproj", "{2C05932C-24D6-48BA-AF9C-F5C9FA5CD8D0}"
EndProject
Project("{9A19103F-16F7-4668-BE54-9A1E7A4F7556}") = "ANSH.DataBase.EFCore.SQLServer", "ANSH.DataBase.EFCore.SQLServer\ANSH.DataBase.EFCore.SQLServer.csproj", "{A7D4E1DB-E7A6-4614-83D3-BEBF942A014A}"
EndProject
Project("{9A19103F-16F7-4668-BE54-9A1E7A4F7556}") = "ANSH.DataBase.EFCore", "ANSH.DataBase.EFCore\ANSH.DataBase.EFCore.csproj", "{598E7E32-12AD-47E9-8D38-DD92DAE47FB9}"
EndProject
Project("{9A19103F-16F7-4668-BE54-9A1E7A4F7556}") = "ANSH.DataBase.EFCore.MySQL", "ANSH.DataBase.EFCore.MySQL\ANSH.DataBase.EFCore.MySQL.csproj", "{C3164C38-58CD-4E38-AF07-7A9162D2E0EF}"
EndProject
Project("{FAE04EC0-301F-11D3-BF4B-00C04F79EFBC}") = "ANSH.AspNetCore", "ANSH.AspNetCore\ANSH.AspNetCore.csproj", "{53FCA4A6-9161-4838-A2E4-8CA849F9AE3E}"
EndProject
Project("{FAE04EC0-301F-11D3-BF4B-00C04F79EFBC}") = "ANSH.Json", "ANSH.Json\ANSH.Json.csproj", "{FA9ECC93-CB82-42C8-86EB-956D3F283AFE}"
EndProject
Global
	GlobalSection(SolutionConfigurationPlatforms) = preSolution
		Debug|Any CPU = Debug|Any CPU
		Debug|x64 = Debug|x64
		Debug|x86 = Debug|x86
		Release|Any CPU = Release|Any CPU
		Release|x64 = Release|x64
		Release|x86 = Release|x86
	EndGlobalSection
	GlobalSection(ProjectConfigurationPlatforms) = postSolution
		{43085BD9-C195-4727-A3AB-D34F127DBFBB}.Debug|Any CPU.ActiveCfg = Debug|Any CPU
		{43085BD9-C195-4727-A3AB-D34F127DBFBB}.Debug|Any CPU.Build.0 = Debug|Any CPU
		{43085BD9-C195-4727-A3AB-D34F127DBFBB}.Debug|x64.ActiveCfg = Debug|Any CPU
		{43085BD9-C195-4727-A3AB-D34F127DBFBB}.Debug|x64.Build.0 = Debug|Any CPU
		{43085BD9-C195-4727-A3AB-D34F127DBFBB}.Debug|x86.ActiveCfg = Debug|Any CPU
		{43085BD9-C195-4727-A3AB-D34F127DBFBB}.Debug|x86.Build.0 = Debug|Any CPU
		{43085BD9-C195-4727-A3AB-D34F127DBFBB}.Release|Any CPU.ActiveCfg = Release|Any CPU
		{43085BD9-C195-4727-A3AB-D34F127DBFBB}.Release|Any CPU.Build.0 = Release|Any CPU
		{43085BD9-C195-4727-A3AB-D34F127DBFBB}.Release|x64.ActiveCfg = Release|Any CPU
		{43085BD9-C195-4727-A3AB-D34F127DBFBB}.Release|x64.Build.0 = Release|Any CPU
		{43085BD9-C195-4727-A3AB-D34F127DBFBB}.Release|x86.ActiveCfg = Release|Any CPU
		{43085BD9-C195-4727-A3AB-D34F127DBFBB}.Release|x86.Build.0 = Release|Any CPU
		{2C05932C-24D6-48BA-AF9C-F5C9FA5CD8D0}.Debug|Any CPU.ActiveCfg = Debug|Any CPU
		{2C05932C-24D6-48BA-AF9C-F5C9FA5CD8D0}.Debug|Any CPU.Build.0 = Debug|Any CPU
		{2C05932C-24D6-48BA-AF9C-F5C9FA5CD8D0}.Debug|x64.ActiveCfg = Debug|Any CPU
		{2C05932C-24D6-48BA-AF9C-F5C9FA5CD8D0}.Debug|x64.Build.0 = Debug|Any CPU
		{2C05932C-24D6-48BA-AF9C-F5C9FA5CD8D0}.Debug|x86.ActiveCfg = Debug|Any CPU
		{2C05932C-24D6-48BA-AF9C-F5C9FA5CD8D0}.Debug|x86.Build.0 = Debug|Any CPU
		{2C05932C-24D6-48BA-AF9C-F5C9FA5CD8D0}.Release|Any CPU.ActiveCfg = Release|Any CPU
		{2C05932C-24D6-48BA-AF9C-F5C9FA5CD8D0}.Release|Any CPU.Build.0 = Release|Any CPU
		{2C05932C-24D6-48BA-AF9C-F5C9FA5CD8D0}.Release|x64.ActiveCfg = Release|Any CPU
		{2C05932C-24D6-48BA-AF9C-F5C9FA5CD8D0}.Release|x64.Build.0 = Release|Any CPU
		{2C05932C-24D6-48BA-AF9C-F5C9FA5CD8D0}.Release|x86.ActiveCfg = Release|Any CPU
		{2C05932C-24D6-48BA-AF9C-F5C9FA5CD8D0}.Release|x86.Build.0 = Release|Any CPU
		{A7D4E1DB-E7A6-4614-83D3-BEBF942A014A}.Debug|Any CPU.ActiveCfg = Debug|Any CPU
		{A7D4E1DB-E7A6-4614-83D3-BEBF942A014A}.Debug|Any CPU.Build.0 = Debug|Any CPU
		{A7D4E1DB-E7A6-4614-83D3-BEBF942A014A}.Debug|x64.ActiveCfg = Debug|Any CPU
		{A7D4E1DB-E7A6-4614-83D3-BEBF942A014A}.Debug|x64.Build.0 = Debug|Any CPU
		{A7D4E1DB-E7A6-4614-83D3-BEBF942A014A}.Debug|x86.ActiveCfg = Debug|Any CPU
		{A7D4E1DB-E7A6-4614-83D3-BEBF942A014A}.Debug|x86.Build.0 = Debug|Any CPU
		{A7D4E1DB-E7A6-4614-83D3-BEBF942A014A}.Release|Any CPU.ActiveCfg = Release|Any CPU
		{A7D4E1DB-E7A6-4614-83D3-BEBF942A014A}.Release|Any CPU.Build.0 = Release|Any CPU
		{A7D4E1DB-E7A6-4614-83D3-BEBF942A014A}.Release|x64.ActiveCfg = Release|Any CPU
		{A7D4E1DB-E7A6-4614-83D3-BEBF942A014A}.Release|x64.Build.0 = Release|Any CPU
		{A7D4E1DB-E7A6-4614-83D3-BEBF942A014A}.Release|x86.ActiveCfg = Release|Any CPU
		{A7D4E1DB-E7A6-4614-83D3-BEBF942A014A}.Release|x86.Build.0 = Release|Any CPU
		{598E7E32-12AD-47E9-8D38-DD92DAE47FB9}.Debug|Any CPU.ActiveCfg = Debug|Any CPU
		{598E7E32-12AD-47E9-8D38-DD92DAE47FB9}.Debug|Any CPU.Build.0 = Debug|Any CPU
		{598E7E32-12AD-47E9-8D38-DD92DAE47FB9}.Debug|x64.ActiveCfg = Debug|Any CPU
		{598E7E32-12AD-47E9-8D38-DD92DAE47FB9}.Debug|x64.Build.0 = Debug|Any CPU
		{598E7E32-12AD-47E9-8D38-DD92DAE47FB9}.Debug|x86.ActiveCfg = Debug|Any CPU
		{598E7E32-12AD-47E9-8D38-DD92DAE47FB9}.Debug|x86.Build.0 = Debug|Any CPU
		{598E7E32-12AD-47E9-8D38-DD92DAE47FB9}.Release|Any CPU.ActiveCfg = Release|Any CPU
		{598E7E32-12AD-47E9-8D38-DD92DAE47FB9}.Release|Any CPU.Build.0 = Release|Any CPU
		{598E7E32-12AD-47E9-8D38-DD92DAE47FB9}.Release|x64.ActiveCfg = Release|Any CPU
		{598E7E32-12AD-47E9-8D38-DD92DAE47FB9}.Release|x64.Build.0 = Release|Any CPU
		{598E7E32-12AD-47E9-8D38-DD92DAE47FB9}.Release|x86.ActiveCfg = Release|Any CPU
		{598E7E32-12AD-47E9-8D38-DD92DAE47FB9}.Release|x86.Build.0 = Release|Any CPU
		{C3164C38-58CD-4E38-AF07-7A9162D2E0EF}.Debug|Any CPU.ActiveCfg = Debug|Any CPU
		{C3164C38-58CD-4E38-AF07-7A9162D2E0EF}.Debug|Any CPU.Build.0 = Debug|Any CPU
		{C3164C38-58CD-4E38-AF07-7A9162D2E0EF}.Debug|x64.ActiveCfg = Debug|Any CPU
		{C3164C38-58CD-4E38-AF07-7A9162D2E0EF}.Debug|x64.Build.0 = Debug|Any CPU
		{C3164C38-58CD-4E38-AF07-7A9162D2E0EF}.Debug|x86.ActiveCfg = Debug|Any CPU
		{C3164C38-58CD-4E38-AF07-7A9162D2E0EF}.Debug|x86.Build.0 = Debug|Any CPU
		{C3164C38-58CD-4E38-AF07-7A9162D2E0EF}.Release|Any CPU.ActiveCfg = Release|Any CPU
		{C3164C38-58CD-4E38-AF07-7A9162D2E0EF}.Release|Any CPU.Build.0 = Release|Any CPU
		{C3164C38-58CD-4E38-AF07-7A9162D2E0EF}.Release|x64.ActiveCfg = Release|Any CPU
		{C3164C38-58CD-4E38-AF07-7A9162D2E0EF}.Release|x64.Build.0 = Release|Any CPU
		{C3164C38-58CD-4E38-AF07-7A9162D2E0EF}.Release|x86.ActiveCfg = Release|Any CPU
		{C3164C38-58CD-4E38-AF07-7A9162D2E0EF}.Release|x86.Build.0 = Release|Any CPU
		{53FCA4A6-9161-4838-A2E4-8CA849F9AE3E}.Debug|Any CPU.ActiveCfg = Debug|Any CPU
		{53FCA4A6-9161-4838-A2E4-8CA849F9AE3E}.Debug|Any CPU.Build.0 = Debug|Any CPU
		{53FCA4A6-9161-4838-A2E4-8CA849F9AE3E}.Debug|x64.ActiveCfg = Debug|x64
		{53FCA4A6-9161-4838-A2E4-8CA849F9AE3E}.Debug|x64.Build.0 = Debug|x64
		{53FCA4A6-9161-4838-A2E4-8CA849F9AE3E}.Debug|x86.ActiveCfg = Debug|x86
		{53FCA4A6-9161-4838-A2E4-8CA849F9AE3E}.Debug|x86.Build.0 = Debug|x86
		{53FCA4A6-9161-4838-A2E4-8CA849F9AE3E}.Release|Any CPU.ActiveCfg = Release|Any CPU
		{53FCA4A6-9161-4838-A2E4-8CA849F9AE3E}.Release|Any CPU.Build.0 = Release|Any CPU
		{53FCA4A6-9161-4838-A2E4-8CA849F9AE3E}.Release|x64.ActiveCfg = Release|x64
		{53FCA4A6-9161-4838-A2E4-8CA849F9AE3E}.Release|x64.Build.0 = Release|x64
		{53FCA4A6-9161-4838-A2E4-8CA849F9AE3E}.Release|x86.ActiveCfg = Release|x86
		{53FCA4A6-9161-4838-A2E4-8CA849F9AE3E}.Release|x86.Build.0 = Release|x86
		{FA9ECC93-CB82-42C8-86EB-956D3F283AFE}.Debug|Any CPU.ActiveCfg = Debug|Any CPU
		{FA9ECC93-CB82-42C8-86EB-956D3F283AFE}.Debug|Any CPU.Build.0 = Debug|Any CPU
		{FA9ECC93-CB82-42C8-86EB-956D3F283AFE}.Debug|x64.ActiveCfg = Debug|x64
		{FA9ECC93-CB82-42C8-86EB-956D3F283AFE}.Debug|x64.Build.0 = Debug|x64
		{FA9ECC93-CB82-42C8-86EB-956D3F283AFE}.Debug|x86.ActiveCfg = Debug|x86
		{FA9ECC93-CB82-42C8-86EB-956D3F283AFE}.Debug|x86.Build.0 = Debug|x86
		{FA9ECC93-CB82-42C8-86EB-956D3F283AFE}.Release|Any CPU.ActiveCfg = Release|Any CPU
		{FA9ECC93-CB82-42C8-86EB-956D3F283AFE}.Release|Any CPU.Build.0 = Release|Any CPU
		{FA9ECC93-CB82-42C8-86EB-956D3F283AFE}.Release|x64.ActiveCfg = Release|x64
		{FA9ECC93-CB82-42C8-86EB-956D3F283AFE}.Release|x64.Build.0 = Release|x64
		{FA9ECC93-CB82-42C8-86EB-956D3F283AFE}.Release|x86.ActiveCfg = Release|x86
		{FA9ECC93-CB82-42C8-86EB-956D3F283AFE}.Release|x86.Build.0 = Release|x86
	EndGlobalSection
	GlobalSection(SolutionProperties) = preSolution
		HideSolutionNode = FALSE
	EndGlobalSection
	GlobalSection(ExtensibilityGlobals) = postSolution
		SolutionGuid = {6AA7BDF1-CB4F-4A45-956D-C7E8B230FD70}
	EndGlobalSection
EndGlobal
